// !$*UTF8*$!
{
	archiveVersion = 1;
	classes = {
	};
	objectVersion = 46;
	objects = {

/* Begin PBXBuildFile section */
		053AEE521A5E032100055CB9 /* main.m in Sources */ = {isa = PBXBuildFile; fileRef = 053AEE511A5E032100055CB9 /* main.m */; };
		053AEE551A5E032100055CB9 /* AppDelegate.m in Sources */ = {isa = PBXBuildFile; fileRef = 053AEE541A5E032100055CB9 /* AppDelegate.m */; };
		053AEE5D1A5E032100055CB9 /* Images.xcassets in Resources */ = {isa = PBXBuildFile; fileRef = 053AEE5C1A5E032100055CB9 /* Images.xcassets */; };
		053AEE601A5E032100055CB9 /* LaunchScreen.xib in Resources */ = {isa = PBXBuildFile; fileRef = 053AEE5E1A5E032100055CB9 /* LaunchScreen.xib */; };
		053AEE6C1A5E032100055CB9 /* TouchTrackerTests.m in Sources */ = {isa = PBXBuildFile; fileRef = 053AEE6B1A5E032100055CB9 /* TouchTrackerTests.m */; };
		053AEE771A5E037E00055CB9 /* Line.m in Sources */ = {isa = PBXBuildFile; fileRef = 053AEE761A5E037E00055CB9 /* Line.m */; };
		053AEE7A1A5E040500055CB9 /* DrawView.m in Sources */ = {isa = PBXBuildFile; fileRef = 053AEE791A5E040500055CB9 /* DrawView.m */; };
		053AEE7D1A5E043C00055CB9 /* DrawViewController.m in Sources */ = {isa = PBXBuildFile; fileRef = 053AEE7C1A5E043C00055CB9 /* DrawViewController.m */; };
/* End PBXBuildFile section */

/* Begin PBXContainerItemProxy section */
		053AEE661A5E032100055CB9 /* PBXContainerItemProxy */ = {
			isa = PBXContainerItemProxy;
			containerPortal = 053AEE441A5E032100055CB9 /* Project object */;
			proxyType = 1;
			remoteGlobalIDString = 053AEE4B1A5E032100055CB9;
			remoteInfo = TouchTracker;
		};
/* End PBXContainerItemProxy section */

/* Begin PBXFileReference section */
		053AEE4C1A5E032100055CB9 /* TouchTracker.app */ = {isa = PBXFileReference; explicitFileType = wrapper.application; includeInIndex = 0; path = TouchTracker.app; sourceTree = BUILT_PRODUCTS_DIR; };
		053AEE501A5E032100055CB9 /* Info.plist */ = {isa = PBXFileReference; lastKnownFileType = text.plist.xml; path = Info.plist; sourceTree = "<group>"; };
		053AEE511A5E032100055CB9 /* main.m */ = {isa = PBXFileReference; lastKnownFileType = sourcecode.c.objc; path = main.m; sourceTree = "<group>"; };
		053AEE531A5E032100055CB9 /* AppDelegate.h */ = {isa = PBXFileReference; lastKnownFileType = sourcecode.c.h; path = AppDelegate.h; sourceTree = "<group>"; };
		053AEE541A5E032100055CB9 /* AppDelegate.m */ = {isa = PBXFileReference; lastKnownFileType = sourcecode.c.objc; path = AppDelegate.m; sourceTree = "<group>"; };
		053AEE5C1A5E032100055CB9 /* Images.xcassets */ = {isa = PBXFileReference; lastKnownFileType = folder.assetcatalog; path = Images.xcassets; sourceTree = "<group>"; };
		053AEE5F1A5E032100055CB9 /* Base */ = {isa = PBXFileReference; lastKnownFileType = file.xib; name = Base; path = Base.lproj/LaunchScreen.xib; sourceTree = "<group>"; };
		053AEE651A5E032100055CB9 /* TouchTrackerTests.xctest */ = {isa = PBXFileReference; explicitFileType = wrapper.cfbundle; includeInIndex = 0; path = TouchTrackerTests.xctest; sourceTree = BUILT_PRODUCTS_DIR; };
		053AEE6A1A5E032100055CB9 /* Info.plist */ = {isa = PBXFileReference; lastKnownFileType = text.plist.xml; path = Info.plist; sourceTree = "<group>"; };
		053AEE6B1A5E032100055CB9 /* TouchTrackerTests.m */ = {isa = PBXFileReference; lastKnownFileType = sourcecode.c.objc; path = TouchTrackerTests.m; sourceTree = "<group>"; };
		053AEE751A5E037E00055CB9 /* Line.h */ = {isa = PBXFileReference; fileEncoding = 4; lastKnownFileType = sourcecode.c.h; path = Line.h; sourceTree = "<group>"; };
		053AEE761A5E037E00055CB9 /* Line.m */ = {isa = PBXFileReference; fileEncoding = 4; lastKnownFileType = sourcecode.c.objc; path = Line.m; sourceTree = "<group>"; };
		053AEE781A5E040500055CB9 /* DrawView.h */ = {isa = PBXFileReference; fileEncoding = 4; lastKnownFileType = sourcecode.c.h; path = DrawView.h; sourceTree = "<group>"; };
		053AEE791A5E040500055CB9 /* DrawView.m */ = {isa = PBXFileReference; fileEncoding = 4; lastKnownFileType = sourcecode.c.objc; path = DrawView.m; sourceTree = "<group>"; };
		053AEE7B1A5E043C00055CB9 /* DrawViewController.h */ = {isa = PBXFileReference; fileEncoding = 4; lastKnownFileType = sourcecode.c.h; path = DrawViewController.h; sourceTree = "<group>"; };
		053AEE7C1A5E043C00055CB9 /* DrawViewController.m */ = {isa = PBXFileReference; fileEncoding = 4; lastKnownFileType = sourcecode.c.objc; path = DrawViewController.m; sourceTree = "<group>"; };
/* End PBXFileReference section */

/* Begin PBXFrameworksBuildPhase section */
		053AEE491A5E032100055CB9 /* Frameworks */ = {
			isa = PBXFrameworksBuildPhase;
			buildActionMask = 2147483647;
			files = (
			);
			runOnlyForDeploymentPostprocessing = 0;
		};
		053AEE621A5E032100055CB9 /* Frameworks */ = {
			isa = PBXFrameworksBuildPhase;
			buildActionMask = 2147483647;
			files = (
			);
			runOnlyForDeploymentPostprocessing = 0;
		};
/* End PBXFrameworksBuildPhase section */

/* Begin PBXGroup section */
		053AEE431A5E032100055CB9 = {
			isa = PBXGroup;
			children = (
				053AEE4E1A5E032100055CB9 /* TouchTracker */,
				053AEE681A5E032100055CB9 /* TouchTrackerTests */,
				053AEE4D1A5E032100055CB9 /* Products */,
			);
			sourceTree = "<group>";
		};
		053AEE4D1A5E032100055CB9 /* Products */ = {
			isa = PBXGroup;
			children = (
				053AEE4C1A5E032100055CB9 /* TouchTracker.app */,
				053AEE651A5E032100055CB9 /* TouchTrackerTests.xctest */,
			);
			name = Products;
			sourceTree = "<group>";
		};
		053AEE4E1A5E032100055CB9 /* TouchTracker */ = {
			isa = PBXGroup;
			children = (
				053AEE531A5E032100055CB9 /* AppDelegate.h */,
				053AEE541A5E032100055CB9 /* AppDelegate.m */,
				053AEE7B1A5E043C00055CB9 /* DrawViewController.h */,
				053AEE7C1A5E043C00055CB9 /* DrawViewController.m */,
				053AEE781A5E040500055CB9 /* DrawView.h */,
				053AEE791A5E040500055CB9 /* DrawView.m */,
				053AEE751A5E037E00055CB9 /* Line.h */,
				053AEE761A5E037E00055CB9 /* Line.m */,
				053AEE5C1A5E032100055CB9 /* Images.xcassets */,
				053AEE5E1A5E032100055CB9 /* LaunchScreen.xib */,
				053AEE4F1A5E032100055CB9 /* Supporting Files */,
			);
			path = TouchTracker;
			sourceTree = "<group>";
		};
		053AEE4F1A5E032100055CB9 /* Supporting Files */ = {
			isa = PBXGroup;
			children = (
				053AEE501A5E032100055CB9 /* Info.plist */,
				053AEE511A5E032100055CB9 /* main.m */,
			);
			name = "Supporting Files";
			sourceTree = "<group>";
		};
		053AEE681A5E032100055CB9 /* TouchTrackerTests */ = {
			isa = PBXGroup;
			children = (
				053AEE6B1A5E032100055CB9 /* TouchTrackerTests.m */,
				053AEE691A5E032100055CB9 /* Supporting Files */,
			);
			path = TouchTrackerTests;
			sourceTree = "<group>";
		};
		053AEE691A5E032100055CB9 /* Supporting Files */ = {
			isa = PBXGroup;
			children = (
				053AEE6A1A5E032100055CB9 /* Info.plist */,
			);
			name = "Supporting Files";
			sourceTree = "<group>";
		};
/* End PBXGroup section */

/* Begin PBXNativeTarget section */
		053AEE4B1A5E032100055CB9 /* TouchTracker */ = {
			isa = PBXNativeTarget;
			buildConfigurationList = 053AEE6F1A5E032100055CB9 /* Build configuration list for PBXNativeTarget "TouchTracker" */;
			buildPhases = (
				053AEE481A5E032100055CB9 /* Sources */,
				053AEE491A5E032100055CB9 /* Frameworks */,
				053AEE4A1A5E032100055CB9 /* Resources */,
			);
			buildRules = (
			);
			dependencies = (
			);
			name = TouchTracker;
			productName = TouchTracker;
			productReference = 053AEE4C1A5E032100055CB9 /* TouchTracker.app */;
			productType = "com.apple.product-type.application";
		};
		053AEE641A5E032100055CB9 /* TouchTrackerTests */ = {
			isa = PBXNativeTarget;
			buildConfigurationList = 053AEE721A5E032100055CB9 /* Build configuration list for PBXNativeTarget "TouchTrackerTests" */;
			buildPhases = (
				053AEE611A5E032100055CB9 /* Sources */,
				053AEE621A5E032100055CB9 /* Frameworks */,
				053AEE631A5E032100055CB9 /* Resources */,
			);
			buildRules = (
			);
			dependencies = (
				053AEE671A5E032100055CB9 /* PBXTargetDependency */,
			);
			name = TouchTrackerTests;
			productName = TouchTrackerTests;
			productReference = 053AEE651A5E032100055CB9 /* TouchTrackerTests.xctest */;
			productType = "com.apple.product-type.bundle.unit-test";
		};
/* End PBXNativeTarget section */

/* Begin PBXProject section */
		053AEE441A5E032100055CB9 /* Project object */ = {
			isa = PBXProject;
			attributes = {
				LastUpgradeCheck = 0610;
				ORGANIZATIONNAME = FiixedMobile;
				TargetAttributes = {
					053AEE4B1A5E032100055CB9 = {
						CreatedOnToolsVersion = 6.1.1;
					};
					053AEE641A5E032100055CB9 = {
						CreatedOnToolsVersion = 6.1.1;
						TestTargetID = 053AEE4B1A5E032100055CB9;
					};
				};
			};
			buildConfigurationList = 053AEE471A5E032100055CB9 /* Build configuration list for PBXProject "TouchTracker" */;
			compatibilityVersion = "Xcode 3.2";
			developmentRegion = English;
			hasScannedForEncodings = 0;
			knownRegions = (
				en,
				Base,
			);
			mainGroup = 053AEE431A5E032100055CB9;
			productRefGroup = 053AEE4D1A5E032100055CB9 /* Products */;
			projectDirPath = "";
			projectRoot = "";
			targets = (
				053AEE4B1A5E032100055CB9 /* TouchTracker */,
				053AEE641A5E032100055CB9 /* TouchTrackerTests */,
			);
		};
/* End PBXProject section */

/* Begin PBXResourcesBuildPhase section */
		053AEE4A1A5E032100055CB9 /* Resources */ = {
			isa = PBXResourcesBuildPhase;
			buildActionMask = 2147483647;
			files = (
				053AEE601A5E032100055CB9 /* LaunchScreen.xib in Resources */,
				053AEE5D1A5E032100055CB9 /* Images.xcassets in Resources */,
			);
			runOnlyForDeploymentPostprocessing = 0;
		};
		053AEE631A5E032100055CB9 /* Resources */ = {
			isa = PBXResourcesBuildPhase;
			buildActionMask = 2147483647;
			files = (
			);
			runOnlyForDeploymentPostprocessing = 0;
		};
/* End PBXResourcesBuildPhase section */

/* Begin PBXSourcesBuildPhase section */
		053AEE481A5E032100055CB9 /* Sources */ = {
			isa = PBXSourcesBuildPhase;
			buildActionMask = 2147483647;
			files = (
				053AEE551A5E032100055CB9 /* AppDelegate.m in Sources */,
				053AEE7D1A5E043C00055CB9 /* DrawViewController.m in Sources */,
				053AEE771A5E037E00055CB9 /* Line.m in Sources */,
				053AEE7A1A5E040500055CB9 /* DrawView.m in Sources */,
				053AEE521A5E032100055CB9 /* main.m in Sources */,
			);
			runOnlyForDeploymentPostprocessing = 0;
		};
		053AEE611A5E032100055CB9 /* Sources */ = {
			isa = PBXSourcesBuildPhase;
			buildActionMask = 2147483647;
			files = (
				053AEE6C1A5E032100055CB9 /* TouchTrackerTests.m in Sources */,
			);
			runOnlyForDeploymentPostprocessing = 0;
		};
/* End PBXSourcesBuildPhase section */

/* Begin PBXTargetDependency section */
		053AEE671A5E032100055CB9 /* PBXTargetDependency */ = {
			isa = PBXTargetDependency;
			target = 053AEE4B1A5E032100055CB9 /* TouchTracker */;
			targetProxy = 053AEE661A5E032100055CB9 /* PBXContainerItemProxy */;
		};
/* End PBXTargetDependency section */

/* Begin PBXVariantGroup section */
		053AEE5E1A5E032100055CB9 /* LaunchScreen.xib */ = {
			isa = PBXVariantGroup;
			children = (
				053AEE5F1A5E032100055CB9 /* Base */,
			);
			name = LaunchScreen.xib;
			sourceTree = "<group>";
		};
/* End PBXVariantGroup section */

/* Begin XCBuildConfiguration section */
		053AEE6D1A5E032100055CB9 /* Debug */ = {
			isa = XCBuildConfiguration;
			buildSettings = {
				ALWAYS_SEARCH_USER_PATHS = NO;
				CLANG_CXX_LANGUAGE_STANDARD = "gnu++0x";
				CLANG_CXX_LIBRARY = "libc++";
				CLANG_ENABLE_MODULES = YES;
				CLANG_ENABLE_OBJC_ARC = YES;
				CLANG_WARN_BOOL_CONVERSION = YES;
				CLANG_WARN_CONSTANT_CONVERSION = YES;
				CLANG_WARN_DIRECT_OBJC_ISA_USAGE = YES_ERROR;
				CLANG_WARN_EMPTY_BODY = YES;
				CLANG_WARN_ENUM_CONVERSION = YES;
				CLANG_WARN_INT_CONVERSION = YES;
				CLANG_WARN_OBJC_ROOT_CLASS = YES_ERROR;
				CLANG_WARN_UNREACHABLE_CODE = YES;
				CLANG_WARN__DUPLICATE_METHOD_MATCH = YES;
				"CODE_SIGN_IDENTITY[sdk=iphoneos*]" = "iPhone Developer";
				COPY_PHASE_STRIP = NO;
				ENABLE_STRICT_OBJC_MSGSEND = YES;
				GCC_C_LANGUAGE_STANDARD = gnu99;
				GCC_DYNAMIC_NO_PIC = NO;
				GCC_OPTIMIZATION_LEVEL = 0;
				GCC_PREPROCESSOR_DEFINITIONS = (
					"DEBUG=1",
					"$(inherited)",
				);
				GCC_SYMBOLS_PRIVATE_EXTERN = NO;
				GCC_WARN_64_TO_32_BIT_CONVERSION = YES;
				GCC_WARN_ABOUT_RETURN_TYPE = YES_ERROR;
				GCC_WARN_UNDECLARED_SELECTOR = YES;
				GCC_WARN_UNINITIALIZED_AUTOS = YES_AGGRESSIVE;
				GCC_WARN_UNUSED_FUNCTION = YES;
				GCC_WARN_UNUSED_VARIABLE = YES;
				IPHONEOS_DEPLOYMENT_TARGET = 8.1;
				MTL_ENABLE_DEBUG_INFO = YES;
				ONLY_ACTIVE_ARCH = YES;
				SDKROOT = iphoneos;
			};
			name = Debug;
		};
		053AEE6E1A5E032100055CB9 /* Release */ = {
			isa = XCBuildConfiguration;
			buildSettings = {
				ALWAYS_SEARCH_USER_PATHS = NO;
				CLANG_CXX_LANGUAGE_STANDARD = "gnu++0x";
				CLANG_CXX_LIBRARY = "libc++";
				CLANG_ENABLE_MODULES = YES;
				CLANG_ENABLE_OBJC_ARC = YES;
				CLANG_WARN_BOOL_CONVERSION = YES;
				CLANG_WARN_CONSTANT_CONVERSION = YES;
				CLANG_WARN_DIRECT_OBJC_ISA_USAGE = YES_ERROR;
				CLANG_WARN_EMPTY_BODY = YES;
				CLANG_WARN_ENUM_CONVERSION = YES;
				CLANG_WARN_INT_CONVERSION = YES;
				CLANG_WARN_OBJC_ROOT_CLASS = YES_ERROR;
				CLANG_WARN_UNREACHABLE_CODE = YES;
				CLANG_WARN__DUPLICATE_METHOD_MATCH = YES;
				"CODE_SIGN_IDENTITY[sdk=iphoneos*]" = "iPhone Developer";
				COPY_PHASE_STRIP = YES;
				ENABLE_NS_ASSERTIONS = NO;
				ENABLE_STRICT_OBJC_MSGSEND = YES;
				GCC_C_LANGUAGE_STANDARD = gnu99;
				GCC_WARN_64_TO_32_BIT_CONVERSION = YES;
				GCC_WARN_ABOUT_RETURN_TYPE = YES_ERROR;
				GCC_WARN_UNDECLARED_SELECTOR = YES;
				GCC_WARN_UNINITIALIZED_AUTOS = YES_AGGRESSIVE;
				GCC_WARN_UNUSED_FUNCTION = YES;
				GCC_WARN_UNUSED_VARIABLE = YES;
				IPHONEOS_DEPLOYMENT_TARGET = 8.1;
				MTL_ENABLE_DEBUG_INFO = NO;
				SDKROOT = iphoneos;
				VALIDATE_PRODUCT = YES;
			};
			name = Release;
		};
		053AEE701A5E032100055CB9 /* Debug */ = {
			isa = XCBuildConfiguration;
			buildSettings = {
				ASSETCATALOG_COMPILER_APPICON_NAME = AppIcon;
				INFOPLIST_FILE = TouchTracker/Info.plist;
				LD_RUNPATH_SEARCH_PATHS = "$(inherited) @executable_path/Frameworks";
				PRODUCT_NAME = "$(TARGET_NAME)";
			};
			name = Debug;
		};
		053AEE711A5E032100055CB9 /* Release */ = {
			isa = XCBuildConfiguration;
			buildSettings = {
				ASSETCATALOG_COMPILER_APPICON_NAME = AppIcon;
				INFOPLIST_FILE = TouchTracker/Info.plist;
				LD_RUNPATH_SEARCH_PATHS = "$(inherited) @executable_path/Frameworks";
				PRODUCT_NAME = "$(TARGET_NAME)";
			};
			name = Release;
		};
		053AEE731A5E032100055CB9 /* Debug */ = {
			isa = XCBuildConfiguration;
			buildSettings = {
				BUNDLE_LOADER = "$(TEST_HOST)";
				FRAMEWORK_SEARCH_PATHS = (
					"$(SDKROOT)/Developer/Library/Frameworks",
					"$(inherited)",
				);
				GCC_PREPROCESSOR_DEFINITIONS = (
					"DEBUG=1",
					"$(inherited)",
				);
				INFOPLIST_FILE = TouchTrackerTests/Info.plist;
				LD_RUNPATH_SEARCH_PATHS = "$(inherited) @executable_path/Frameworks @loader_path/Frameworks";
				PRODUCT_NAME = "$(TARGET_NAME)";
				TEST_HOST = "$(BUILT_PRODUCTS_DIR)/TouchTracker.app/TouchTracker";
			};
			name = Debug;
		};
		053AEE741A5E032100055CB9 /* Release */ = {
			isa = XCBuildConfiguration;
			buildSettings = {
				BUNDLE_LOADER = "$(TEST_HOST)";
				FRAMEWORK_SEARCH_PATHS = (
					"$(SDKROOT)/Developer/Library/Frameworks",
					"$(inherited)",
				);
				INFOPLIST_FILE = TouchTrackerTests/Info.plist;
				LD_RUNPATH_SEARCH_PATHS = "$(inherited) @executable_path/Frameworks @loader_path/Frameworks";
				PRODUCT_NAME = "$(TARGET_NAME)";
				TEST_HOST = "$(BUILT_PRODUCTS_DIR)/TouchTracker.app/TouchTracker";
			};
			name = Release;
		};
/* End XCBuildConfiguration section */

/* Begin XCConfigurationList section */
		053AEE471A5E032100055CB9 /* Build configuration list for PBXProject "TouchTracker" */ = {
			isa = XCConfigurationList;
			buildConfigurations = (
				053AEE6D1A5E032100055CB9 /* Debug */,
				053AEE6E1A5E032100055CB9 /* Release */,
			);
			defaultConfigurationIsVisible = 0;
			defaultConfigurationName = Release;
		};
		053AEE6F1A5E032100055CB9 /* Build configuration list for PBXNativeTarget "TouchTracker" */ = {
			isa = XCConfigurationList;
			buildConfigurations = (
				053AEE701A5E032100055CB9 /* Debug */,
				053AEE711A5E032100055CB9 /* Release */,
			);
			defaultConfigurationIsVisible = 0;
		};
		053AEE721A5E032100055CB9 /* Build configuration list for PBXNativeTarget "TouchTrackerTests" */ = {
			isa = XCConfigurationList;
			buildConfigurations = (
				053AEE731A5E032100055CB9 /* Debug */,
				053AEE741A5E032100055CB9 /* Release */,
			);
			defaultConfigurationIsVisible = 0;
		};
/* End XCConfigurationList section */
	};
	rootObject = 053AEE441A5E032100055CB9 /* Project object */;
}
